
Microsoft Visual Studio Solution File, Format Version 12.00
# Visual Studio Version 17
VisualStudioVersion = 17.5.002.0
MinimumVisualStudioVersion = 10.0.40219.1
Project("{9A19103F-16F7-4668-BE54-9A1E7A4F7556}") = "HealthAppAPI", "HealthAppAPI.csproj", "{A776B9A6-349C-413D-9498-590E8158C48E}"
EndProject
Global
	GlobalSection(SolutionConfigurationPlatforms) = preSolution
		Debug|Any CPU = Debug|Any CPU
		Release|Any CPU = Release|Any CPU
	EndGlobalSection
	GlobalSection(ProjectConfigurationPlatforms) = postSolution
		{A776B9A6-349C-413D-9498-590E8158C48E}.Debug|Any CPU.ActiveCfg = Debug|Any CPU
		{A776B9A6-349C-413D-9498-590E8158C48E}.Debug|Any CPU.Build.0 = Debug|Any CPU
		{A776B9A6-349C-413D-9498-590E8158C48E}.Release|Any CPU.ActiveCfg = Release|Any CPU
		{A776B9A6-349C-413D-9498-590E8158C48E}.Release|Any CPU.Build.0 = Release|Any CPU
	EndGlobalSection
	GlobalSection(SolutionProperties) = preSolution
		HideSolutionNode = FALSE
	EndGlobalSection
	GlobalSection(ExtensibilityGlobals) = postSolution
		SolutionGuid = {AB718C23-C29A-46A0-8C04-E4AD034BC60B}
	EndGlobalSection
EndGlobal
